
Microsoft Visual Studio Solution File, Format Version 12.00
# Visual Studio Version 17
VisualStudioVersion = 17.8.34511.84
MinimumVisualStudioVersion = 10.0.40219.1
Project("{FAE04EC0-301F-11D3-BF4B-00C04F79EFBC}") = "ComputationalMath", "ComputationalMath\ComputationalMath.csproj", "{92555DA7-4A9D-4442-BEA0-10C30B00C966}"
EndProject
Global
	GlobalSection(SolutionConfigurationPlatforms) = preSolution
		Debug|Any CPU = Debug|Any CPU
		Release|Any CPU = Release|Any CPU
	EndGlobalSection
	GlobalSection(ProjectConfigurationPlatforms) = postSolution
		{92555DA7-4A9D-4442-BEA0-10C30B00C966}.Debug|Any CPU.ActiveCfg = Debug|Any CPU
		{92555DA7-4A9D-4442-BEA0-10C30B00C966}.Debug|Any CPU.Build.0 = Debug|Any CPU
		{92555DA7-4A9D-4442-BEA0-10C30B00C966}.Release|Any CPU.ActiveCfg = Release|Any CPU
		{92555DA7-4A9D-4442-BEA0-10C30B00C966}.Release|Any CPU.Build.0 = Release|Any CPU
	EndGlobalSection
	GlobalSection(SolutionProperties) = preSolution
		HideSolutionNode = FALSE
	EndGlobalSection
	GlobalSection(ExtensibilityGlobals) = postSolution
		SolutionGuid = {346DF910-731F-4D44-90F4-87C931978514}
	EndGlobalSection
EndGlobal
